
Microsoft Visual Studio Solution File, Format Version 12.00
# Visual Studio Version 16
VisualStudioVersion = 16.0.29613.14
MinimumVisualStudioVersion = 10.0.40219.1
Project("{9A19103F-16F7-4668-BE54-9A1E7A4F7556}") = "Algorithm1", "Algorithm1\Algorithm1.csproj", "{3ACDE74D-8389-4CB1-B8EA-99E01059F63F}"
EndProject
Project("{9A19103F-16F7-4668-BE54-9A1E7A4F7556}") = "Regex1", "Regex1\Regex1.csproj", "{DC819369-82CB-4C75-9ED2-5A48F7FDDFCA}"
EndProject
Project("{9A19103F-16F7-4668-BE54-9A1E7A4F7556}") = "Regex2", "Regex2\Regex2.csproj", "{0744E13E-A975-487C-8914-D8402C4920F8}"
EndProject
Project("{9A19103F-16F7-4668-BE54-9A1E7A4F7556}") = "Regex3", "Regex3\Regex3.csproj", "{6B0E635E-19B1-4EDF-8EB4-2410252188D8}"
EndProject
Project("{FAE04EC0-301F-11D3-BF4B-00C04F79EFBC}") = "OperatorsOverloading", "OperatorsOverloading\OperatorsOverloading.csproj", "{87591908-35AA-4A7A-8106-EC0649560F67}"
EndProject
Global
	GlobalSection(SolutionConfigurationPlatforms) = preSolution
		Debug|Any CPU = Debug|Any CPU
		Release|Any CPU = Release|Any CPU
	EndGlobalSection
	GlobalSection(ProjectConfigurationPlatforms) = postSolution
		{3ACDE74D-8389-4CB1-B8EA-99E01059F63F}.Debug|Any CPU.ActiveCfg = Debug|Any CPU
		{3ACDE74D-8389-4CB1-B8EA-99E01059F63F}.Debug|Any CPU.Build.0 = Debug|Any CPU
		{3ACDE74D-8389-4CB1-B8EA-99E01059F63F}.Release|Any CPU.ActiveCfg = Release|Any CPU
		{3ACDE74D-8389-4CB1-B8EA-99E01059F63F}.Release|Any CPU.Build.0 = Release|Any CPU
		{DC819369-82CB-4C75-9ED2-5A48F7FDDFCA}.Debug|Any CPU.ActiveCfg = Debug|Any CPU
		{DC819369-82CB-4C75-9ED2-5A48F7FDDFCA}.Debug|Any CPU.Build.0 = Debug|Any CPU
		{DC819369-82CB-4C75-9ED2-5A48F7FDDFCA}.Release|Any CPU.ActiveCfg = Release|Any CPU
		{DC819369-82CB-4C75-9ED2-5A48F7FDDFCA}.Release|Any CPU.Build.0 = Release|Any CPU
		{0744E13E-A975-487C-8914-D8402C4920F8}.Debug|Any CPU.ActiveCfg = Debug|Any CPU
		{0744E13E-A975-487C-8914-D8402C4920F8}.Debug|Any CPU.Build.0 = Debug|Any CPU
		{0744E13E-A975-487C-8914-D8402C4920F8}.Release|Any CPU.ActiveCfg = Release|Any CPU
		{0744E13E-A975-487C-8914-D8402C4920F8}.Release|Any CPU.Build.0 = Release|Any CPU
		{6B0E635E-19B1-4EDF-8EB4-2410252188D8}.Debug|Any CPU.ActiveCfg = Debug|Any CPU
		{6B0E635E-19B1-4EDF-8EB4-2410252188D8}.Debug|Any CPU.Build.0 = Debug|Any CPU
		{6B0E635E-19B1-4EDF-8EB4-2410252188D8}.Release|Any CPU.ActiveCfg = Release|Any CPU
		{6B0E635E-19B1-4EDF-8EB4-2410252188D8}.Release|Any CPU.Build.0 = Release|Any CPU
		{87591908-35AA-4A7A-8106-EC0649560F67}.Debug|Any CPU.ActiveCfg = Debug|Any CPU
		{87591908-35AA-4A7A-8106-EC0649560F67}.Debug|Any CPU.Build.0 = Debug|Any CPU
		{87591908-35AA-4A7A-8106-EC0649560F67}.Release|Any CPU.ActiveCfg = Release|Any CPU
		{87591908-35AA-4A7A-8106-EC0649560F67}.Release|Any CPU.Build.0 = Release|Any CPU
	EndGlobalSection
	GlobalSection(SolutionProperties) = preSolution
		HideSolutionNode = FALSE
	EndGlobalSection
	GlobalSection(ExtensibilityGlobals) = postSolution
		SolutionGuid = {B5CD44E9-75C8-4403-8C6B-F1ACA5541994}
	EndGlobalSection
EndGlobal
